{
  "version": "5",
  "redirects": {
    "https://esm.sh/@supabase/functions-js@^2.1.0?target=denonext": "https://esm.sh/@supabase/functions-js@2.108.2?target=denonext",
    "https://esm.sh/@supabase/gotrue-js@^2.46.1?target=denonext": "https://esm.sh/@supabase/gotrue-js@2.108.2?target=denonext",
    "https://esm.sh/@supabase/node-fetch@^2.6.14?target=denonext": "https://esm.sh/@supabase/node-fetch@2.6.15?target=denonext",
    "https://esm.sh/@supabase/phoenix@^0.4.2?target=denonext": "https://esm.sh/@supabase/phoenix@0.4.3?target=denonext",
    "https://esm.sh/@supabase/postgrest-js@^1.7.0?target=denonext": "https://esm.sh/@supabase/postgrest-js@1.21.4?target=denonext",
    "https://esm.sh/@supabase/realtime-js@^2.7.3?target=denonext": "https://esm.sh/@supabase/realtime-js@2.108.2?target=denonext",
    "https://esm.sh/@supabase/storage-js@^2.5.1?target=denonext": "https://esm.sh/@supabase/storage-js@2.108.2?target=denonext",
    "https://esm.sh/iceberg-js@^0.8.1?target=denonext": "https://esm.sh/iceberg-js@0.8.1?target=denonext",
    "https://esm.sh/tr46@~0.0.3?target=denonext": "https://esm.sh/tr46@0.0.3?target=denonext",
    "https://esm.sh/webidl-conversions@^3.0.0?target=denonext": "https://esm.sh/webidl-conversions@3.0.1?target=denonext",
    "https://esm.sh/whatwg-url@^5.0.0?target=denonext": "https://esm.sh/whatwg-url@5.0.0?target=denonext"
  },
  "remote": {
    "https://deno.land/std@0.192.0/_util/asserts.ts": "178dfc49a464aee693a7e285567b3d0b555dc805ff490505a8aae34f9cfb1462",
    "https://deno.land/std@0.192.0/async/abortable.ts": "fd682fa46f3b7b16b4606a5ab52a7ce309434b76f820d3221bdfb862719a15d7",
    "https://deno.land/std@0.192.0/async/deadline.ts": "58f72a3cc0fcb731b2cc055ba046f4b5be3349ff6bf98f2e793c3b969354aab2",
    "https://deno.land/std@0.192.0/async/debounce.ts": "adab11d04ca38d699444ac8a9d9856b4155e8dda2afd07ce78276c01ea5a4332",
    "https://deno.land/std@0.192.0/async/deferred.ts": "42790112f36a75a57db4a96d33974a936deb7b04d25c6084a9fa8a49f135def8",
    "https://deno.land/std@0.192.0/async/delay.ts": "73aa04cec034c84fc748c7be49bb15cac3dd43a57174bfdb7a4aec22c248f0dd",
    "https://deno.land/std@0.192.0/async/mod.ts": "f04344fa21738e5ad6bea37a6bfffd57c617c2d372bb9f9dcfd118a1b622e576",
    "https://deno.land/std@0.192.0/async/mux_async_iterator.ts": "70c7f2ee4e9466161350473ad61cac0b9f115cff4c552eaa7ef9d50c4cbb4cc9",
    "https://deno.land/std@0.192.0/async/pool.ts": "f1b8d3df4d7fd3c73f8cbc91cc2e8b8e950910f1eab94230b443944d7584c657",
    "https://deno.land/std@0.192.0/async/retry.ts": "6521c061a5ab24e8b1ae624bdc581c4243d1d574f99dc7f5a2a195c2241fb1b8",
    "https://deno.land/std@0.192.0/async/tee.ts": "47e42d35f622650b02234d43803d0383a89eb4387e1b83b5a40106d18ae36757",
    "https://deno.land/std@0.192.0/http/server.ts": "1b23463b5b36e4eebc495417f6af47a6f7d52e3294827a1226d2a1aab23d9d20",
    "https://esm.sh/@supabase/functions-js@2.108.2/denonext/functions-js.mjs": "cb8c9f454e644c0e7ccf568c046ec026baaf88aca20185fe8365ec89026576d3",
    "https://esm.sh/@supabase/functions-js@2.108.2?target=denonext": "9f627ba8df75c3f0835490287173ea5b682195c8f8a871d203083291c689549c",
    "https://esm.sh/@supabase/gotrue-js@2.108.2/denonext/gotrue-js.mjs": "682df1bd5131bf6c9d43353e3dcb3a95a03738de058c129d5541a157983c7caa",
    "https://esm.sh/@supabase/gotrue-js@2.108.2?target=denonext": "7233e6aae8e359320f1cd7e1c22b664c8df52726788e07cf72f1abf5cf857e49",
    "https://esm.sh/@supabase/node-fetch@2.6.15/denonext/node-fetch.mjs": "0bae9052231f4f6dbccc7234d05ea96923dbf967be12f402764580b6bf9f713d",
    "https://esm.sh/@supabase/node-fetch@2.6.15?target=denonext": "4d28c4ad97328403184353f68434f2b6973971507919e9150297413664919cf3",
    "https://esm.sh/@supabase/phoenix@0.4.3/denonext/phoenix.mjs": "53d478ca3e265314489f3f4496641a3f552ebdf07b0fcbc94e6625c8696d791e",
    "https://esm.sh/@supabase/phoenix@0.4.3?target=denonext": "a06f2f187942771cc7a93c0c1aeac028cd6f83f35f4f597aa96ad1d20f6b7ab5",
    "https://esm.sh/@supabase/postgrest-js@1.21.4/denonext/postgrest-js.mjs": "c3769b11ef02debc78ecf6ab4e152d3cf7dbd05bbbafeb72c160e76cc57cda3c",
    "https://esm.sh/@supabase/postgrest-js@1.21.4?target=denonext": "db2315bc0ff19690cd4239c5adb5f5787f5dea04955058ef1fca541d49555ed6",
    "https://esm.sh/@supabase/realtime-js@2.108.2/denonext/realtime-js.mjs": "7dd89b17c7617a5b4e9047144f53fa324a805853c77a5d3388e18b189c9d3be3",
    "https://esm.sh/@supabase/realtime-js@2.108.2?target=denonext": "8981a1d4e134f7ee7ee97f985a4f13b6d8e69bb08565f78bcf42519a08107de0",
    "https://esm.sh/@supabase/storage-js@2.108.2/denonext/storage-js.mjs": "cc4cb3161c606e44108efad0ad1d6f770e6c337293b6ed068e2ba58ffd24fdfb",
    "https://esm.sh/@supabase/storage-js@2.108.2?target=denonext": "df7931a888ce7b6d654eda9e9a899281c69019fbdd4829c189c34c3e652e27d5",
    "https://esm.sh/@supabase/supabase-js@2.31.0": "62b27ca9839343381f8cb9e69a24a5db364735e720123151ee82b54c4bedb924",
    "https://esm.sh/@supabase/supabase-js@2.31.0/denonext/supabase-js.mjs": "4899e883f496974246a3951ab7c55ca8096cc02ac7e15d998b7d918e1fdd13d8",
    "https://esm.sh/iceberg-js@0.8.1/denonext/iceberg-js.mjs": "d839d81a2e3966500ca2cdd0c1cb458e9608bacfc91f7bb67a69b2e878dcdb4f",
    "https://esm.sh/iceberg-js@0.8.1?target=denonext": "58c849d7fe2bf4eca4a84eb501e83c161a7d8c34ca1bec15a962b3bec3062633",
    "https://esm.sh/tr46@0.0.3/denonext/tr46.mjs": "5753ec0a99414f4055f0c1f97691100f13d88e48a8443b00aebb90a512785fa2",
    "https://esm.sh/tr46@0.0.3?target=denonext": "19cb9be0f0d418a0c3abb81f2df31f080e9540a04e43b0f699bce1149cba0cbb",
    "https://esm.sh/tslib@2.8.1/denonext/tslib.mjs": "c38da5dd6da6281964435002ce204cd586634fe3bdfb24a0ee116f48cf3292e9",
    "https://esm.sh/webidl-conversions@3.0.1/denonext/webidl-conversions.mjs": "238cd0743827707cbc1c2d7c2cf1027dbc536fb53ec9a3fde0ff8026a3ac5385",
    "https://esm.sh/webidl-conversions@3.0.1?target=denonext": "4e20318d50528084616c79d7b3f6e7f0fe7b6d09013bd01b3974d7448d767e29",
    "https://esm.sh/whatwg-url@5.0.0/denonext/whatwg-url.mjs": "29b16d74ee72624c915745bbd25b617cfd2248c6af0f5120d131e232a9a9af79",
    "https://esm.sh/whatwg-url@5.0.0?target=denonext": "f001a2cadf81312d214ca330033f474e74d81a003e21e8c5d70a1f46dc97b02d"
  },
  "workspace": {
    "packageJson": {
      "dependencies": [
        "npm:@base-ui/react@^1.5.0",
        "npm:@supabase/ssr@~0.6.1",
        "npm:@supabase/supabase-js@^2.108.2",
        "npm:@tailwindcss/postcss@4",
        "npm:@types/node@20",
        "npm:@types/react-dom@19",
        "npm:@types/react@19",
        "npm:class-variance-authority@~0.7.1",
        "npm:clsx@^2.1.1",
        "npm:eslint-config-next@16.2.7",
        "npm:eslint@9",
        "npm:lucide-react@^1.17.0",
        "npm:next@16.2.7",
        "npm:nodemailer@9",
        "npm:react-dom@19.2.4",
        "npm:react@19.2.4",
        "npm:shadcn@^4.10.0",
        "npm:tailwind-merge@^3.6.0",
        "npm:tailwindcss@4",
        "npm:tw-animate-css@^1.4.0",
        "npm:typescript@5"
      ]
    }
  }
}
